Microsoft Visual Studio Solution File, Format Version 12.00
# Visual Studio Version 17
VisualStudioVersion = 17.5.2.0
MinimumVisualStudioVersion = 10.0.40219.1
Project("{FAE04EC0-301F-11D3-BF4B-00C04F79EFBC}") = "AirdropBox", "AirdropBox.csproj", "{01A75393-AC1D-17CC-63C9-629DADAB1D73}"
EndProject
Global
	GlobalSection(SolutionConfigurationPlatforms) = preSolution
		Debug|Any CPU = Debug|Any CPU
		Release|Any CPU = Release|Any CPU
	EndGlobalSection
	GlobalSection(ProjectConfigurationPlatforms) = postSolution
		{01A75393-AC1D-17CC-63C9-629DADAB1D73}.Debug|Any CPU.ActiveCfg = Debug|Any CPU
		{01A75393-AC1D-17CC-63C9-629DADAB1D73}.Debug|Any CPU.Build.0 = Debug|Any CPU
		{01A75393-AC1D-17CC-63C9-629DADAB1D73}.Release|Any CPU.ActiveCfg = Release|Any CPU
		{01A75393-AC1D-17CC-63C9-629DADAB1D73}.Release|Any CPU.Build.0 = Release|Any CPU
	EndGlobalSection
	GlobalSection(SolutionProperties) = preSolution
		HideSolutionNode = FALSE
	EndGlobalSection
	GlobalSection(ExtensibilityGlobals) = postSolution
		SolutionGuid = {5AB05081-B406-4253-80F7-BB6CB09053F6}
	EndGlobalSection
EndGlobal
